
Microsoft Visual Studio Solution File, Format Version 11.00
# Visual C# Express 2010
Project("{FAE04EC0-301F-11D3-BF4B-00C04F79EFBC}") = "ProjectEuler", "ProjectEuler1\ProjectEuler.csproj", "{E0ADAEC4-224D-4AFF-9556-C229D95AE694}"
EndProject
Project("{FAE04EC0-301F-11D3-BF4B-00C04F79EFBC}") = "InputLibrary", "ClassLibrary1\InputLibrary.csproj", "{FB31E32D-FA8F-491E-9EFE-87771BEC9343}"
EndProject
Project("{FAE04EC0-301F-11D3-BF4B-00C04F79EFBC}") = "OutputLibrary", "OutputLibrary\OutputLibrary.csproj", "{FA36D828-D6A9-4703-AC17-BF6E3EA5D583}"
EndProject
Project("{FAE04EC0-301F-11D3-BF4B-00C04F79EFBC}") = "ValidationLibrary", "ValidationLibrary\ValidationLibrary.csproj", "{E540E145-A815-49E6-9C76-33A35FB22592}"
EndProject
Project("{FAE04EC0-301F-11D3-BF4B-00C04F79EFBC}") = "ConversionLibrary", "ConversionLibrary\ConversionLibrary.csproj", "{A8C2DE5E-6644-4C83-BF84-7B2B0D86FD1B}"
EndProject
Global
	GlobalSection(SolutionConfigurationPlatforms) = preSolution
		Debug|Any CPU = Debug|Any CPU
		Debug|Mixed Platforms = Debug|Mixed Platforms
		Debug|x86 = Debug|x86
		Release|Any CPU = Release|Any CPU
		Release|Mixed Platforms = Release|Mixed Platforms
		Release|x86 = Release|x86
	EndGlobalSection
	GlobalSection(ProjectConfigurationPlatforms) = postSolution
		{E0ADAEC4-224D-4AFF-9556-C229D95AE694}.Debug|Any CPU.ActiveCfg = Debug|x86
		{E0ADAEC4-224D-4AFF-9556-C229D95AE694}.Debug|Mixed Platforms.ActiveCfg = Debug|x86
		{E0ADAEC4-224D-4AFF-9556-C229D95AE694}.Debug|Mixed Platforms.Build.0 = Debug|x86
		{E0ADAEC4-224D-4AFF-9556-C229D95AE694}.Debug|x86.ActiveCfg = Debug|x86
		{E0ADAEC4-224D-4AFF-9556-C229D95AE694}.Debug|x86.Build.0 = Debug|x86
		{E0ADAEC4-224D-4AFF-9556-C229D95AE694}.Release|Any CPU.ActiveCfg = Release|x86
		{E0ADAEC4-224D-4AFF-9556-C229D95AE694}.Release|Mixed Platforms.ActiveCfg = Release|x86
		{E0ADAEC4-224D-4AFF-9556-C229D95AE694}.Release|Mixed Platforms.Build.0 = Release|x86
		{E0ADAEC4-224D-4AFF-9556-C229D95AE694}.Release|x86.ActiveCfg = Release|x86
		{E0ADAEC4-224D-4AFF-9556-C229D95AE694}.Release|x86.Build.0 = Release|x86
		{FB31E32D-FA8F-491E-9EFE-87771BEC9343}.Debug|Any CPU.ActiveCfg = Debug|Any CPU
		{FB31E32D-FA8F-491E-9EFE-87771BEC9343}.Debug|Any CPU.Build.0 = Debug|Any CPU
		{FB31E32D-FA8F-491E-9EFE-87771BEC9343}.Debug|Mixed Platforms.ActiveCfg = Debug|Any CPU
		{FB31E32D-FA8F-491E-9EFE-87771BEC9343}.Debug|Mixed Platforms.Build.0 = Debug|Any CPU
		{FB31E32D-FA8F-491E-9EFE-87771BEC9343}.Debug|x86.ActiveCfg = Debug|Any CPU
		{FB31E32D-FA8F-491E-9EFE-87771BEC9343}.Release|Any CPU.ActiveCfg = Release|Any CPU
		{FB31E32D-FA8F-491E-9EFE-87771BEC9343}.Release|Any CPU.Build.0 = Release|Any CPU
		{FB31E32D-FA8F-491E-9EFE-87771BEC9343}.Release|Mixed Platforms.ActiveCfg = Release|Any CPU
		{FB31E32D-FA8F-491E-9EFE-87771BEC9343}.Release|Mixed Platforms.Build.0 = Release|Any CPU
		{FB31E32D-FA8F-491E-9EFE-87771BEC9343}.Release|x86.ActiveCfg = Release|Any CPU
		{FA36D828-D6A9-4703-AC17-BF6E3EA5D583}.Debug|Any CPU.ActiveCfg = Debug|Any CPU
		{FA36D828-D6A9-4703-AC17-BF6E3EA5D583}.Debug|Any CPU.Build.0 = Debug|Any CPU
		{FA36D828-D6A9-4703-AC17-BF6E3EA5D583}.Debug|Mixed Platforms.ActiveCfg = Debug|Any CPU
		{FA36D828-D6A9-4703-AC17-BF6E3EA5D583}.Debug|Mixed Platforms.Build.0 = Debug|Any CPU
		{FA36D828-D6A9-4703-AC17-BF6E3EA5D583}.Debug|x86.ActiveCfg = Debug|Any CPU
		{FA36D828-D6A9-4703-AC17-BF6E3EA5D583}.Release|Any CPU.ActiveCfg = Release|Any CPU
		{FA36D828-D6A9-4703-AC17-BF6E3EA5D583}.Release|Any CPU.Build.0 = Release|Any CPU
		{FA36D828-D6A9-4703-AC17-BF6E3EA5D583}.Release|Mixed Platforms.ActiveCfg = Release|Any CPU
		{FA36D828-D6A9-4703-AC17-BF6E3EA5D583}.Release|Mixed Platforms.Build.0 = Release|Any CPU
		{FA36D828-D6A9-4703-AC17-BF6E3EA5D583}.Release|x86.ActiveCfg = Release|Any CPU
		{E540E145-A815-49E6-9C76-33A35FB22592}.Debug|Any CPU.ActiveCfg = Debug|Any CPU
		{E540E145-A815-49E6-9C76-33A35FB22592}.Debug|Any CPU.Build.0 = Debug|Any CPU
		{E540E145-A815-49E6-9C76-33A35FB22592}.Debug|Mixed Platforms.ActiveCfg = Debug|Any CPU
		{E540E145-A815-49E6-9C76-33A35FB22592}.Debug|Mixed Platforms.Build.0 = Debug|Any CPU
		{E540E145-A815-49E6-9C76-33A35FB22592}.Debug|x86.ActiveCfg = Debug|Any CPU
		{E540E145-A815-49E6-9C76-33A35FB22592}.Release|Any CPU.ActiveCfg = Release|Any CPU
		{E540E145-A815-49E6-9C76-33A35FB22592}.Release|Any CPU.Build.0 = Release|Any CPU
		{E540E145-A815-49E6-9C76-33A35FB22592}.Release|Mixed Platforms.ActiveCfg = Release|Any CPU
		{E540E145-A815-49E6-9C76-33A35FB22592}.Release|Mixed Platforms.Build.0 = Release|Any CPU
		{E540E145-A815-49E6-9C76-33A35FB22592}.Release|x86.ActiveCfg = Release|Any CPU
		{A8C2DE5E-6644-4C83-BF84-7B2B0D86FD1B}.Debug|Any CPU.ActiveCfg = Debug|Any CPU
		{A8C2DE5E-6644-4C83-BF84-7B2B0D86FD1B}.Debug|Any CPU.Build.0 = Debug|Any CPU
		{A8C2DE5E-6644-4C83-BF84-7B2B0D86FD1B}.Debug|Mixed Platforms.ActiveCfg = Debug|Any CPU
		{A8C2DE5E-6644-4C83-BF84-7B2B0D86FD1B}.Debug|Mixed Platforms.Build.0 = Debug|Any CPU
		{A8C2DE5E-6644-4C83-BF84-7B2B0D86FD1B}.Debug|x86.ActiveCfg = Debug|Any CPU
		{A8C2DE5E-6644-4C83-BF84-7B2B0D86FD1B}.Release|Any CPU.ActiveCfg = Release|Any CPU
		{A8C2DE5E-6644-4C83-BF84-7B2B0D86FD1B}.Release|Any CPU.Build.0 = Release|Any CPU
		{A8C2DE5E-6644-4C83-BF84-7B2B0D86FD1B}.Release|Mixed Platforms.ActiveCfg = Release|Any CPU
		{A8C2DE5E-6644-4C83-BF84-7B2B0D86FD1B}.Release|Mixed Platforms.Build.0 = Release|Any CPU
		{A8C2DE5E-6644-4C83-BF84-7B2B0D86FD1B}.Release|x86.ActiveCfg = Release|Any CPU
	EndGlobalSection
	GlobalSection(SolutionProperties) = preSolution
		HideSolutionNode = FALSE
	EndGlobalSection
EndGlobal
